
Microsoft Visual Studio Solution File, Format Version 11.00
# Visual Studio 2010
Project("{FAE04EC0-301F-11D3-BF4B-00C04F79EFBC}") = "BankManagementSystem", "BankManagementSystem\BankManagementSystem.csproj", "{6774A425-6431-4E39-8034-442B56AD4F8A}"
EndProject
Project("{54435603-DBB4-11D2-8724-00A0C9A8B90C}") = "BMS Installer", "BMS Installer\BMS Installer.vdproj", "{F5F56478-42D9-4478-BD62-6E53D856D0D6}"
EndProject
Global
	GlobalSection(SolutionConfigurationPlatforms) = preSolution
		Debug|x86 = Debug|x86
		Release|x86 = Release|x86
	EndGlobalSection
	GlobalSection(ProjectConfigurationPlatforms) = postSolution
		{6774A425-6431-4E39-8034-442B56AD4F8A}.Debug|x86.ActiveCfg = Debug|x86
		{6774A425-6431-4E39-8034-442B56AD4F8A}.Debug|x86.Build.0 = Debug|x86
		{6774A425-6431-4E39-8034-442B56AD4F8A}.Release|x86.ActiveCfg = Release|x86
		{6774A425-6431-4E39-8034-442B56AD4F8A}.Release|x86.Build.0 = Release|x86
		{F5F56478-42D9-4478-BD62-6E53D856D0D6}.Debug|x86.ActiveCfg = Debug
		{F5F56478-42D9-4478-BD62-6E53D856D0D6}.Release|x86.ActiveCfg = Release
	EndGlobalSection
	GlobalSection(SolutionProperties) = preSolution
		HideSolutionNode = FALSE
	EndGlobalSection
EndGlobal
